
Microsoft Visual Studio Solution File, Format Version 12.00
# Visual Studio 15
VisualStudioVersion = 15.0.26430.6
MinimumVisualStudioVersion = 10.0.40219.1
Project("{FAE04EC0-301F-11D3-BF4B-00C04F79EFBC}") = "LtxParser", "LtxParser\LtxParser.csproj", "{05DFC546-E795-438C-A375-A3D4711BABAD}"
EndProject
Project("{FAE04EC0-301F-11D3-BF4B-00C04F79EFBC}") = "LtxParserTest", "LtxParserTest\LtxParserTest.csproj", "{FEC48E79-2694-4032-BB2B-2633344D8AF1}"
EndProject
Global
	GlobalSection(SolutionConfigurationPlatforms) = preSolution
		Debug|Any CPU = Debug|Any CPU
		Release|Any CPU = Release|Any CPU
	EndGlobalSection
	GlobalSection(ProjectConfigurationPlatforms) = postSolution
		{05DFC546-E795-438C-A375-A3D4711BABAD}.Debug|Any CPU.ActiveCfg = Debug|Any CPU
		{05DFC546-E795-438C-A375-A3D4711BABAD}.Debug|Any CPU.Build.0 = Debug|Any CPU
		{05DFC546-E795-438C-A375-A3D4711BABAD}.Release|Any CPU.ActiveCfg = Release|Any CPU
		{05DFC546-E795-438C-A375-A3D4711BABAD}.Release|Any CPU.Build.0 = Release|Any CPU
		{FEC48E79-2694-4032-BB2B-2633344D8AF1}.Debug|Any CPU.ActiveCfg = Debug|Any CPU
		{FEC48E79-2694-4032-BB2B-2633344D8AF1}.Debug|Any CPU.Build.0 = Debug|Any CPU
		{FEC48E79-2694-4032-BB2B-2633344D8AF1}.Release|Any CPU.ActiveCfg = Release|Any CPU
		{FEC48E79-2694-4032-BB2B-2633344D8AF1}.Release|Any CPU.Build.0 = Release|Any CPU
	EndGlobalSection
	GlobalSection(SolutionProperties) = preSolution
		HideSolutionNode = FALSE
	EndGlobalSection
EndGlobal
